
Microsoft Visual Studio Solution File, Format Version 12.00
# Visual Studio Version 16
VisualStudioVersion = 16.0.31005.135
MinimumVisualStudioVersion = 10.0.40219.1
Project("{9A19103F-16F7-4668-BE54-9A1E7A4F7556}") = "what3words.dotnet.wrapper", "what3words.dotnet.wrapper\what3words.dotnet.wrapper.csproj", "{D098C77C-31A8-4DF6-B4B6-D64517C38FA1}"
EndProject
Project("{FAE04EC0-301F-11D3-BF4B-00C04F79EFBC}") = "what3words.dotnet.wrapper.utests", "what3words.dotnet.wrapper.utests\what3words.dotnet.wrapper.utests.csproj", "{BCE200A0-AEEF-4E6C-BA05-83475016AC1D}"
EndProject
Global
	GlobalSection(SolutionConfigurationPlatforms) = preSolution
		Debug|Any CPU = Debug|Any CPU
		Release|Any CPU = Release|Any CPU
	EndGlobalSection
	GlobalSection(ProjectConfigurationPlatforms) = postSolution
		{D098C77C-31A8-4DF6-B4B6-D64517C38FA1}.Debug|Any CPU.ActiveCfg = Debug|Any CPU
		{D098C77C-31A8-4DF6-B4B6-D64517C38FA1}.Debug|Any CPU.Build.0 = Debug|Any CPU
		{D098C77C-31A8-4DF6-B4B6-D64517C38FA1}.Release|Any CPU.ActiveCfg = Release|Any CPU
		{D098C77C-31A8-4DF6-B4B6-D64517C38FA1}.Release|Any CPU.Build.0 = Release|Any CPU
		{BCE200A0-AEEF-4E6C-BA05-83475016AC1D}.Debug|Any CPU.ActiveCfg = Debug|Any CPU
		{BCE200A0-AEEF-4E6C-BA05-83475016AC1D}.Debug|Any CPU.Build.0 = Debug|Any CPU
		{BCE200A0-AEEF-4E6C-BA05-83475016AC1D}.Release|Any CPU.ActiveCfg = Release|Any CPU
		{BCE200A0-AEEF-4E6C-BA05-83475016AC1D}.Release|Any CPU.Build.0 = Release|Any CPU
	EndGlobalSection
	GlobalSection(SolutionProperties) = preSolution
		HideSolutionNode = FALSE
	EndGlobalSection
	GlobalSection(ExtensibilityGlobals) = postSolution
		SolutionGuid = {D21BFBC7-C66F-4E24-866C-0B493FA2907A}
	EndGlobalSection
EndGlobal
